
Microsoft Visual Studio Solution File, Format Version 12.00
# Visual Studio Version 16
VisualStudioVersion = 16.0.30503.244
MinimumVisualStudioVersion = 10.0.40219.1
Project("{FAE04EC0-301F-11D3-BF4B-00C04F79EFBC}") = "Exercise5", "Exercise5\Exercise5.csproj", "{DB428311-3C30-49D4-8CA5-28B7C60638E4}"
EndProject
Global
	GlobalSection(SolutionConfigurationPlatforms) = preSolution
		Debug|Any CPU = Debug|Any CPU
		Release|Any CPU = Release|Any CPU
	EndGlobalSection
	GlobalSection(ProjectConfigurationPlatforms) = postSolution
		{DB428311-3C30-49D4-8CA5-28B7C60638E4}.Debug|Any CPU.ActiveCfg = Debug|Any CPU
		{DB428311-3C30-49D4-8CA5-28B7C60638E4}.Debug|Any CPU.Build.0 = Debug|Any CPU
		{DB428311-3C30-49D4-8CA5-28B7C60638E4}.Release|Any CPU.ActiveCfg = Release|Any CPU
		{DB428311-3C30-49D4-8CA5-28B7C60638E4}.Release|Any CPU.Build.0 = Release|Any CPU
	EndGlobalSection
	GlobalSection(SolutionProperties) = preSolution
		HideSolutionNode = FALSE
	EndGlobalSection
	GlobalSection(ExtensibilityGlobals) = postSolution
		SolutionGuid = {B2DD2647-B142-4DFD-8617-E812CDAECBCA}
	EndGlobalSection
EndGlobal
